
Microsoft Visual Studio Solution File, Format Version 12.00
Project("{FAE04EC0-301F-11D3-BF4B-00C04F79EFBC}") = "Dewantara", "Dewantara\Dewantara.csproj", "{47D4FC68-DD39-472F-9D9A-90C161285FDE}"
EndProject
Project("{FAE04EC0-301F-11D3-BF4B-00C04F79EFBC}") = "Dewantara.Firmware", "Dewantara.Firmware\Dewantara.Firmware.csproj", "{23FC216E-0958-4A1C-A439-44750DBCBEE8}"
EndProject
Global
	GlobalSection(SolutionConfigurationPlatforms) = preSolution
		Debug|Any CPU = Debug|Any CPU
		Release|Any CPU = Release|Any CPU
	EndGlobalSection
	GlobalSection(ProjectConfigurationPlatforms) = postSolution
		{47D4FC68-DD39-472F-9D9A-90C161285FDE}.Debug|Any CPU.ActiveCfg = Debug|Any CPU
		{47D4FC68-DD39-472F-9D9A-90C161285FDE}.Debug|Any CPU.Build.0 = Debug|Any CPU
		{47D4FC68-DD39-472F-9D9A-90C161285FDE}.Release|Any CPU.ActiveCfg = Release|Any CPU
		{47D4FC68-DD39-472F-9D9A-90C161285FDE}.Release|Any CPU.Build.0 = Release|Any CPU
		{23FC216E-0958-4A1C-A439-44750DBCBEE8}.Debug|Any CPU.ActiveCfg = Debug|Any CPU
		{23FC216E-0958-4A1C-A439-44750DBCBEE8}.Debug|Any CPU.Build.0 = Debug|Any CPU
		{23FC216E-0958-4A1C-A439-44750DBCBEE8}.Release|Any CPU.ActiveCfg = Release|Any CPU
		{23FC216E-0958-4A1C-A439-44750DBCBEE8}.Release|Any CPU.Build.0 = Release|Any CPU
	EndGlobalSection
EndGlobal
